// !$*UTF8*$!
{
	archiveVersion = 1;
	classes = {
	};
	objectVersion = 50;
	objects = {

/* Begin PBXBuildFile section */
		5B037529215DC4E700ADE616 /* AppDelegate.m in Sources */ = {isa = PBXBuildFile; fileRef = 5B037528215DC4E700ADE616 /* AppDelegate.m */; };
		5B03752C215DC4E700ADE616 /* ViewController.m in Sources */ = {isa = PBXBuildFile; fileRef = 5B03752B215DC4E700ADE616 /* ViewController.m */; };
		5B03752F215DC4E700ADE616 /* Main.storyboard in Resources */ = {isa = PBXBuildFile; fileRef = 5B03752D215DC4E700ADE616 /* Main.storyboard */; };
		5B037531215DC4E800ADE616 /* Assets.xcassets in Resources */ = {isa = PBXBuildFile; fileRef = 5B037530215DC4E800ADE616 /* Assets.xcassets */; };
		5B037534215DC4E800ADE616 /* LaunchScreen.storyboard in Resources */ = {isa = PBXBuildFile; fileRef = 5B037532215DC4E800ADE616 /* LaunchScreen.storyboard */; };
		5B037537215DC4E800ADE616 /* main.m in Sources */ = {isa = PBXBuildFile; fileRef = 5B037536215DC4E800ADE616 /* main.m */; };
		5B037541215DC4E900ADE616 /* popKTests.m in Sources */ = {isa = PBXBuildFile; fileRef = 5B037540215DC4E900ADE616 /* popKTests.m */; };
		5B03754C215DC4E900ADE616 /* popKUITests.m in Sources */ = {isa = PBXBuildFile; fileRef = 5B03754B215DC4E900ADE616 /* popKUITests.m */; };
/* End PBXBuildFile section */

/* Begin PBXContainerItemProxy section */
		5B03753D215DC4E900ADE616 /* PBXContainerItemProxy */ = {
			isa = PBXContainerItemProxy;
			containerPortal = 5B03751C215DC4E600ADE616 /* Project object */;
			proxyType = 1;
			remoteGlobalIDString = 5B037523215DC4E600ADE616;
			remoteInfo = popK;
		};
		5B037548215DC4E900ADE616 /* PBXContainerItemProxy */ = {
			isa = PBXContainerItemProxy;
			containerPortal = 5B03751C215DC4E600ADE616 /* Project object */;
			proxyType = 1;
			remoteGlobalIDString = 5B037523215DC4E600ADE616;
			remoteInfo = popK;
		};
/* End PBXContainerItemProxy section */

/* Begin PBXFileReference section */
		5B037524215DC4E600ADE616 /* popK.app */ = {isa = PBXFileReference; explicitFileType = wrapper.application; includeInIndex = 0; path = popK.app; sourceTree = BUILT_PRODUCTS_DIR; };
		5B037527215DC4E700ADE616 /* AppDelegate.h */ = {isa = PBXFileReference; lastKnownFileType = sourcecode.c.h; path = AppDelegate.h; sourceTree = "<group>"; };
		5B037528215DC4E700ADE616 /* AppDelegate.m */ = {isa = PBXFileReference; lastKnownFileType = sourcecode.c.objc; path = AppDelegate.m; sourceTree = "<group>"; };
		5B03752A215DC4E700ADE616 /* ViewController.h */ = {isa = PBXFileReference; lastKnownFileType = sourcecode.c.h; path = ViewController.h; sourceTree = "<group>"; };
		5B03752B215DC4E700ADE616 /* ViewController.m */ = {isa = PBXFileReference; lastKnownFileType = sourcecode.c.objc; path = ViewController.m; sourceTree = "<group>"; };
		5B03752E215DC4E700ADE616 /* Base */ = {isa = PBXFileReference; lastKnownFileType = file.storyboard; name = Base; path = Base.lproj/Main.storyboard; sourceTree = "<group>"; };
		5B037530215DC4E800ADE616 /* Assets.xcassets */ = {isa = PBXFileReference; lastKnownFileType = folder.assetcatalog; path = Assets.xcassets; sourceTree = "<group>"; };
		5B037533215DC4E800ADE616 /* Base */ = {isa = PBXFileReference; lastKnownFileType = file.storyboard; name = Base; path = Base.lproj/LaunchScreen.storyboard; sourceTree = "<group>"; };
		5B037535215DC4E800ADE616 /* Info.plist */ = {isa = PBXFileReference; lastKnownFileType = text.plist.xml; path = Info.plist; sourceTree = "<group>"; };
		5B037536215DC4E800ADE616 /* main.m */ = {isa = PBXFileReference; lastKnownFileType = sourcecode.c.objc; path = main.m; sourceTree = "<group>"; };
		5B03753C215DC4E900ADE616 /* popKTests.xctest */ = {isa = PBXFileReference; explicitFileType = wrapper.cfbundle; includeInIndex = 0; path = popKTests.xctest; sourceTree = BUILT_PRODUCTS_DIR; };
		5B037540215DC4E900ADE616 /* popKTests.m */ = {isa = PBXFileReference; lastKnownFileType = sourcecode.c.objc; path = popKTests.m; sourceTree = "<group>"; };
		5B037542215DC4E900ADE616 /* Info.plist */ = {isa = PBXFileReference; lastKnownFileType = text.plist.xml; path = Info.plist; sourceTree = "<group>"; };
		5B037547215DC4E900ADE616 /* popKUITests.xctest */ = {isa = PBXFileReference; explicitFileType = wrapper.cfbundle; includeInIndex = 0; path = popKUITests.xctest; sourceTree = BUILT_PRODUCTS_DIR; };
		5B03754B215DC4E900ADE616 /* popKUITests.m */ = {isa = PBXFileReference; lastKnownFileType = sourcecode.c.objc; path = popKUITests.m; sourceTree = "<group>"; };
		5B03754D215DC4E900ADE616 /* Info.plist */ = {isa = PBXFileReference; lastKnownFileType = text.plist.xml; path = Info.plist; sourceTree = "<group>"; };
/* End PBXFileReference section */

/* Begin PBXFrameworksBuildPhase section */
		5B037521215DC4E600ADE616 /* Frameworks */ = {
			isa = PBXFrameworksBuildPhase;
			buildActionMask = 2147483647;
			files = (
			);
			runOnlyForDeploymentPostprocessing = 0;
		};
		5B037539215DC4E900ADE616 /* Frameworks */ = {
			isa = PBXFrameworksBuildPhase;
			buildActionMask = 2147483647;
			files = (
			);
			runOnlyForDeploymentPostprocessing = 0;
		};
		5B037544215DC4E900ADE616 /* Frameworks */ = {
			isa = PBXFrameworksBuildPhase;
			buildActionMask = 2147483647;
			files = (
			);
			runOnlyForDeploymentPostprocessing = 0;
		};
/* End PBXFrameworksBuildPhase section */

/* Begin PBXGroup section */
		5B03751B215DC4E600ADE616 = {
			isa = PBXGroup;
			children = (
				5B037526215DC4E700ADE616 /* popK */,
				5B03753F215DC4E900ADE616 /* popKTests */,
				5B03754A215DC4E900ADE616 /* popKUITests */,
				5B037525215DC4E600ADE616 /* Products */,
			);
			sourceTree = "<group>";
		};
		5B037525215DC4E600ADE616 /* Products */ = {
			isa = PBXGroup;
			children = (
				5B037524215DC4E600ADE616 /* popK.app */,
				5B03753C215DC4E900ADE616 /* popKTests.xctest */,
				5B037547215DC4E900ADE616 /* popKUITests.xctest */,
			);
			name = Products;
			sourceTree = "<group>";
		};
		5B037526215DC4E700ADE616 /* popK */ = {
			isa = PBXGroup;
			children = (
				5B037527215DC4E700ADE616 /* AppDelegate.h */,
				5B037528215DC4E700ADE616 /* AppDelegate.m */,
				5B03752A215DC4E700ADE616 /* ViewController.h */,
				5B03752B215DC4E700ADE616 /* ViewController.m */,
				5B03752D215DC4E700ADE616 /* Main.storyboard */,
				5B037530215DC4E800ADE616 /* Assets.xcassets */,
				5B037532215DC4E800ADE616 /* LaunchScreen.storyboard */,
				5B037535215DC4E800ADE616 /* Info.plist */,
				5B037536215DC4E800ADE616 /* main.m */,
			);
			path = popK;
			sourceTree = "<group>";
		};
		5B03753F215DC4E900ADE616 /* popKTests */ = {
			isa = PBXGroup;
			children = (
				5B037540215DC4E900ADE616 /* popKTests.m */,
				5B037542215DC4E900ADE616 /* Info.plist */,
			);
			path = popKTests;
			sourceTree = "<group>";
		};
		5B03754A215DC4E900ADE616 /* popKUITests */ = {
			isa = PBXGroup;
			children = (
				5B03754B215DC4E900ADE616 /* popKUITests.m */,
				5B03754D215DC4E900ADE616 /* Info.plist */,
			);
			path = popKUITests;
			sourceTree = "<group>";
		};
/* End PBXGroup section */

/* Begin PBXNativeTarget section */
		5B037523215DC4E600ADE616 /* popK */ = {
			isa = PBXNativeTarget;
			buildConfigurationList = 5B037550215DC4E900ADE616 /* Build configuration list for PBXNativeTarget "popK" */;
			buildPhases = (
				5B037520215DC4E600ADE616 /* Sources */,
				5B037521215DC4E600ADE616 /* Frameworks */,
				5B037522215DC4E600ADE616 /* Resources */,
			);
			buildRules = (
			);
			dependencies = (
			);
			name = popK;
			productName = popK;
			productReference = 5B037524215DC4E600ADE616 /* popK.app */;
			productType = "com.apple.product-type.application";
		};
		5B03753B215DC4E900ADE616 /* popKTests */ = {
			isa = PBXNativeTarget;
			buildConfigurationList = 5B037553215DC4E900ADE616 /* Build configuration list for PBXNativeTarget "popKTests" */;
			buildPhases = (
				5B037538215DC4E900ADE616 /* Sources */,
				5B037539215DC4E900ADE616 /* Frameworks */,
				5B03753A215DC4E900ADE616 /* Resources */,
			);
			buildRules = (
			);
			dependencies = (
				5B03753E215DC4E900ADE616 /* PBXTargetDependency */,
			);
			name = popKTests;
			productName = popKTests;
			productReference = 5B03753C215DC4E900ADE616 /* popKTests.xctest */;
			productType = "com.apple.product-type.bundle.unit-test";
		};
		5B037546215DC4E900ADE616 /* popKUITests */ = {
			isa = PBXNativeTarget;
			buildConfigurationList = 5B037556215DC4E900ADE616 /* Build configuration list for PBXNativeTarget "popKUITests" */;
			buildPhases = (
				5B037543215DC4E900ADE616 /* Sources */,
				5B037544215DC4E900ADE616 /* Frameworks */,
				5B037545215DC4E900ADE616 /* Resources */,
			);
			buildRules = (
			);
			dependencies = (
				5B037549215DC4E900ADE616 /* PBXTargetDependency */,
			);
			name = popKUITests;
			productName = popKUITests;
			productReference = 5B037547215DC4E900ADE616 /* popKUITests.xctest */;
			productType = "com.apple.product-type.bundle.ui-testing";
		};
/* End PBXNativeTarget section */

/* Begin PBXProject section */
		5B03751C215DC4E600ADE616 /* Project object */ = {
			isa = PBXProject;
			attributes = {
				LastUpgradeCheck = 0940;
				ORGANIZATIONNAME = JDKJ;
				TargetAttributes = {
					5B037523215DC4E600ADE616 = {
						CreatedOnToolsVersion = 9.4;
					};
					5B03753B215DC4E900ADE616 = {
						CreatedOnToolsVersion = 9.4;
						TestTargetID = 5B037523215DC4E600ADE616;
					};
					5B037546215DC4E900ADE616 = {
						CreatedOnToolsVersion = 9.4;
						TestTargetID = 5B037523215DC4E600ADE616;
					};
				};
			};
			buildConfigurationList = 5B03751F215DC4E600ADE616 /* Build configuration list for PBXProject "popK" */;
			compatibilityVersion = "Xcode 9.3";
			developmentRegion = en;
			hasScannedForEncodings = 0;
			knownRegions = (
				en,
				Base,
			);
			mainGroup = 5B03751B215DC4E600ADE616;
			productRefGroup = 5B037525215DC4E600ADE616 /* Products */;
			projectDirPath = "";
			projectRoot = "";
			targets = (
				5B037523215DC4E600ADE616 /* popK */,
				5B03753B215DC4E900ADE616 /* popKTests */,
				5B037546215DC4E900ADE616 /* popKUITests */,
			);
		};
/* End PBXProject section */

/* Begin PBXResourcesBuildPhase section */
		5B037522215DC4E600ADE616 /* Resources */ = {
			isa = PBXResourcesBuildPhase;
			buildActionMask = 2147483647;
			files = (
				5B037534215DC4E800ADE616 /* LaunchScreen.storyboard in Resources */,
				5B037531215DC4E800ADE616 /* Assets.xcassets in Resources */,
				5B03752F215DC4E700ADE616 /* Main.storyboard in Resources */,
			);
			runOnlyForDeploymentPostprocessing = 0;
		};
		5B03753A215DC4E900ADE616 /* Resources */ = {
			isa = PBXResourcesBuildPhase;
			buildActionMask = 2147483647;
			files = (
			);
			runOnlyForDeploymentPostprocessing = 0;
		};
		5B037545215DC4E900ADE616 /* Resources */ = {
			isa = PBXResourcesBuildPhase;
			buildActionMask = 2147483647;
			files = (
			);
			runOnlyForDeploymentPostprocessing = 0;
		};
/* End PBXResourcesBuildPhase section */

/* Begin PBXSourcesBuildPhase section */
		5B037520215DC4E600ADE616 /* Sources */ = {
			isa = PBXSourcesBuildPhase;
			buildActionMask = 2147483647;
			files = (
				5B03752C215DC4E700ADE616 /* ViewController.m in Sources */,
				5B037537215DC4E800ADE616 /* main.m in Sources */,
				5B037529215DC4E700ADE616 /* AppDelegate.m in Sources */,
			);
			runOnlyForDeploymentPostprocessing = 0;
		};
		5B037538215DC4E900ADE616 /* Sources */ = {
			isa = PBXSourcesBuildPhase;
			buildActionMask = 2147483647;
			files = (
				5B037541215DC4E900ADE616 /* popKTests.m in Sources */,
			);
			runOnlyForDeploymentPostprocessing = 0;
		};
		5B037543215DC4E900ADE616 /* Sources */ = {
			isa = PBXSourcesBuildPhase;
			buildActionMask = 2147483647;
			files = (
				5B03754C215DC4E900ADE616 /* popKUITests.m in Sources */,
			);
			runOnlyForDeploymentPostprocessing = 0;
		};
/* End PBXSourcesBuildPhase section */

/* Begin PBXTargetDependency section */
		5B03753E215DC4E900ADE616 /* PBXTargetDependency */ = {
			isa = PBXTargetDependency;
			target = 5B037523215DC4E600ADE616 /* popK */;
			targetProxy = 5B03753D215DC4E900ADE616 /* PBXContainerItemProxy */;
		};
		5B037549215DC4E900ADE616 /* PBXTargetDependency */ = {
			isa = PBXTargetDependency;
			target = 5B037523215DC4E600ADE616 /* popK */;
			targetProxy = 5B037548215DC4E900ADE616 /* PBXContainerItemProxy */;
		};
/* End PBXTargetDependency section */

/* Begin PBXVariantGroup section */
		5B03752D215DC4E700ADE616 /* Main.storyboard */ = {
			isa = PBXVariantGroup;
			children = (
				5B03752E215DC4E700ADE616 /* Base */,
			);
			name = Main.storyboard;
			sourceTree = "<group>";
		};
		5B037532215DC4E800ADE616 /* LaunchScreen.storyboard */ = {
			isa = PBXVariantGroup;
			children = (
				5B037533215DC4E800ADE616 /* Base */,
			);
			name = LaunchScreen.storyboard;
			sourceTree = "<group>";
		};
/* End PBXVariantGroup section */

/* Begin XCBuildConfiguration section */
		5B03754E215DC4E900ADE616 /* Debug */ = {
			isa = XCBuildConfiguration;
			buildSettings = {
				ALWAYS_SEARCH_USER_PATHS = NO;
				CLANG_ANALYZER_NONNULL = YES;
				CLANG_ANALYZER_NUMBER_OBJECT_CONVERSION = YES_AGGRESSIVE;
				CLANG_CXX_LANGUAGE_STANDARD = "gnu++14";
				CLANG_CXX_LIBRARY = "libc++";
				CLANG_ENABLE_MODULES = YES;
				CLANG_ENABLE_OBJC_ARC = YES;
				CLANG_ENABLE_OBJC_WEAK = YES;
				CLANG_WARN_BLOCK_CAPTURE_AUTORELEASING = YES;
				CLANG_WARN_BOOL_CONVERSION = YES;
				CLANG_WARN_COMMA = YES;
				CLANG_WARN_CONSTANT_CONVERSION = YES;
				CLANG_WARN_DEPRECATED_OBJC_IMPLEMENTATIONS = YES;
				CLANG_WARN_DIRECT_OBJC_ISA_USAGE = YES_ERROR;
				CLANG_WARN_DOCUMENTATION_COMMENTS = YES;
				CLANG_WARN_EMPTY_BODY = YES;
				CLANG_WARN_ENUM_CONVERSION = YES;
				CLANG_WARN_INFINITE_RECURSION = YES;
				CLANG_WARN_INT_CONVERSION = YES;
				CLANG_WARN_NON_LITERAL_NULL_CONVERSION = YES;
				CLANG_WARN_OBJC_IMPLICIT_RETAIN_SELF = YES;
				CLANG_WARN_OBJC_LITERAL_CONVERSION = YES;
				CLANG_WARN_OBJC_ROOT_CLASS = YES_ERROR;
				CLANG_WARN_RANGE_LOOP_ANALYSIS = YES;
				CLANG_WARN_STRICT_PROTOTYPES = YES;
				CLANG_WARN_SUSPICIOUS_MOVE = YES;
				CLANG_WARN_UNGUARDED_AVAILABILITY = YES_AGGRESSIVE;
				CLANG_WARN_UNREACHABLE_CODE = YES;
				CLANG_WARN__DUPLICATE_METHOD_MATCH = YES;
				CODE_SIGN_IDENTITY = "iPhone Developer";
				COPY_PHASE_STRIP = NO;
				DEBUG_INFORMATION_FORMAT = dwarf;
				ENABLE_STRICT_OBJC_MSGSEND = YES;
				ENABLE_TESTABILITY = YES;
				GCC_C_LANGUAGE_STANDARD = gnu11;
				GCC_DYNAMIC_NO_PIC = NO;
				GCC_NO_COMMON_BLOCKS = YES;
				GCC_OPTIMIZATION_LEVEL = 0;
				GCC_PREPROCESSOR_DEFINITIONS = (
					"DEBUG=1",
					"$(inherited)",
				);
				GCC_WARN_64_TO_32_BIT_CONVERSION = YES;
				GCC_WARN_ABOUT_RETURN_TYPE = YES_ERROR;
				GCC_WARN_UNDECLARED_SELECTOR = YES;
				GCC_WARN_UNINITIALIZED_AUTOS = YES_AGGRESSIVE;
				GCC_WARN_UNUSED_FUNCTION = YES;
				GCC_WARN_UNUSED_VARIABLE = YES;
				IPHONEOS_DEPLOYMENT_TARGET = 11.4;
				MTL_ENABLE_DEBUG_INFO = YES;
				ONLY_ACTIVE_ARCH = YES;
				SDKROOT = iphoneos;
			};
			name = Debug;
		};
		5B03754F215DC4E900ADE616 /* Release */ = {
			isa = XCBuildConfiguration;
			buildSettings = {
				ALWAYS_SEARCH_USER_PATHS = NO;
				CLANG_ANALYZER_NONNULL = YES;
				CLANG_ANALYZER_NUMBER_OBJECT_CONVERSION = YES_AGGRESSIVE;
				CLANG_CXX_LANGUAGE_STANDARD = "gnu++14";
				CLANG_CXX_LIBRARY = "libc++";
				CLANG_ENABLE_MODULES = YES;
				CLANG_ENABLE_OBJC_ARC = YES;
				CLANG_ENABLE_OBJC_WEAK = YES;
				CLANG_WARN_BLOCK_CAPTURE_AUTORELEASING = YES;
				CLANG_WARN_BOOL_CONVERSION = YES;
				CLANG_WARN_COMMA = YES;
				CLANG_WARN_CONSTANT_CONVERSION = YES;
				CLANG_WARN_DEPRECATED_OBJC_IMPLEMENTATIONS = YES;
				CLANG_WARN_DIRECT_OBJC_ISA_USAGE = YES_ERROR;
				CLANG_WARN_DOCUMENTATION_COMMENTS = YES;
				CLANG_WARN_EMPTY_BODY = YES;
				CLANG_WARN_ENUM_CONVERSION = YES;
				CLANG_WARN_INFINITE_RECURSION = YES;
				CLANG_WARN_INT_CONVERSION = YES;
				CLANG_WARN_NON_LITERAL_NULL_CONVERSION = YES;
				CLANG_WARN_OBJC_IMPLICIT_RETAIN_SELF = YES;
				CLANG_WARN_OBJC_LITERAL_CONVERSION = YES;
				CLANG_WARN_OBJC_ROOT_CLASS = YES_ERROR;
				CLANG_WARN_RANGE_LOOP_ANALYSIS = YES;
				CLANG_WARN_STRICT_PROTOTYPES = YES;
				CLANG_WARN_SUSPICIOUS_MOVE = YES;
				CLANG_WARN_UNGUARDED_AVAILABILITY = YES_AGGRESSIVE;
				CLANG_WARN_UNREACHABLE_CODE = YES;
				CLANG_WARN__DUPLICATE_METHOD_MATCH = YES;
				CODE_SIGN_IDENTITY = "iPhone Developer";
				COPY_PHASE_STRIP = NO;
				DEBUG_INFORMATION_FORMAT = "dwarf-with-dsym";
				ENABLE_NS_ASSERTIONS = NO;
				ENABLE_STRICT_OBJC_MSGSEND = YES;
				GCC_C_LANGUAGE_STANDARD = gnu11;
				GCC_NO_COMMON_BLOCKS = YES;
				GCC_WARN_64_TO_32_BIT_CONVERSION = YES;
				GCC_WARN_ABOUT_RETURN_TYPE = YES_ERROR;
				GCC_WARN_UNDECLARED_SELECTOR = YES;
				GCC_WARN_UNINITIALIZED_AUTOS = YES_AGGRESSIVE;
				GCC_WARN_UNUSED_FUNCTION = YES;
				GCC_WARN_UNUSED_VARIABLE = YES;
				IPHONEOS_DEPLOYMENT_TARGET = 11.4;
				MTL_ENABLE_DEBUG_INFO = NO;
				SDKROOT = iphoneos;
				VALIDATE_PRODUCT = YES;
			};
			name = Release;
		};
		5B037551215DC4E900ADE616 /* Debug */ = {
			isa = XCBuildConfiguration;
			buildSettings = {
				ASSETCATALOG_COMPILER_APPICON_NAME = AppIcon;
				CODE_SIGN_STYLE = Automatic;
				DEVELOPMENT_TEAM = R67NM4WC4D;
				INFOPLIST_FILE = popK/Info.plist;
				LD_RUNPATH_SEARCH_PATHS = (
					"$(inherited)",
					"@executable_path/Frameworks",
				);
				PRODUCT_BUNDLE_IDENTIFIER = com.JDKJ.baiding.popK;
				PRODUCT_NAME = "$(TARGET_NAME)";
				TARGETED_DEVICE_FAMILY = "1,2";
			};
			name = Debug;
		};
		5B037552215DC4E900ADE616 /* Release */ = {
			isa = XCBuildConfiguration;
			buildSettings = {
				ASSETCATALOG_COMPILER_APPICON_NAME = AppIcon;
				CODE_SIGN_STYLE = Automatic;
				DEVELOPMENT_TEAM = R67NM4WC4D;
				INFOPLIST_FILE = popK/Info.plist;
				LD_RUNPATH_SEARCH_PATHS = (
					"$(inherited)",
					"@executable_path/Frameworks",
				);
				PRODUCT_BUNDLE_IDENTIFIER = com.JDKJ.baiding.popK;
				PRODUCT_NAME = "$(TARGET_NAME)";
				TARGETED_DEVICE_FAMILY = "1,2";
			};
			name = Release;
		};
		5B037554215DC4E900ADE616 /* Debug */ = {
			isa = XCBuildConfiguration;
			buildSettings = {
				BUNDLE_LOADER = "$(TEST_HOST)";
				CODE_SIGN_STYLE = Automatic;
				DEVELOPMENT_TEAM = R67NM4WC4D;
				INFOPLIST_FILE = popKTests/Info.plist;
				LD_RUNPATH_SEARCH_PATHS = (
					"$(inherited)",
					"@executable_path/Frameworks",
					"@loader_path/Frameworks",
				);
				PRODUCT_BUNDLE_IDENTIFIER = com.JDKJ.baiding.popKTests;
				PRODUCT_NAME = "$(TARGET_NAME)";
				TARGETED_DEVICE_FAMILY = "1,2";
				TEST_HOST = "$(BUILT_PRODUCTS_DIR)/popK.app/popK";
			};
			name = Debug;
		};
		5B037555215DC4E900ADE616 /* Release */ = {
			isa = XCBuildConfiguration;
			buildSettings = {
				BUNDLE_LOADER = "$(TEST_HOST)";
				CODE_SIGN_STYLE = Automatic;
				DEVELOPMENT_TEAM = R67NM4WC4D;
				INFOPLIST_FILE = popKTests/Info.plist;
				LD_RUNPATH_SEARCH_PATHS = (
					"$(inherited)",
					"@executable_path/Frameworks",
					"@loader_path/Frameworks",
				);
				PRODUCT_BUNDLE_IDENTIFIER = com.JDKJ.baiding.popKTests;
				PRODUCT_NAME = "$(TARGET_NAME)";
				TARGETED_DEVICE_FAMILY = "1,2";
				TEST_HOST = "$(BUILT_PRODUCTS_DIR)/popK.app/popK";
			};
			name = Release;
		};
		5B037557215DC4E900ADE616 /* Debug */ = {
			isa = XCBuildConfiguration;
			buildSettings = {
				CODE_SIGN_STYLE = Automatic;
				DEVELOPMENT_TEAM = R67NM4WC4D;
				INFOPLIST_FILE = popKUITests/Info.plist;
				LD_RUNPATH_SEARCH_PATHS = (
					"$(inherited)",
					"@executable_path/Frameworks",
					"@loader_path/Frameworks",
				);
				PRODUCT_BUNDLE_IDENTIFIER = com.JDKJ.baiding.popKUITests;
				PRODUCT_NAME = "$(TARGET_NAME)";
				TARGETED_DEVICE_FAMILY = "1,2";
				TEST_TARGET_NAME = popK;
			};
			name = Debug;
		};
		5B037558215DC4E900ADE616 /* Release */ = {
			isa = XCBuildConfiguration;
			buildSettings = {
				CODE_SIGN_STYLE = Automatic;
				DEVELOPMENT_TEAM = R67NM4WC4D;
				INFOPLIST_FILE = popKUITests/Info.plist;
				LD_RUNPATH_SEARCH_PATHS = (
					"$(inherited)",
					"@executable_path/Frameworks",
					"@loader_path/Frameworks",
				);
				PRODUCT_BUNDLE_IDENTIFIER = com.JDKJ.baiding.popKUITests;
				PRODUCT_NAME = "$(TARGET_NAME)";
				TARGETED_DEVICE_FAMILY = "1,2";
				TEST_TARGET_NAME = popK;
			};
			name = Release;
		};
/* End XCBuildConfiguration section */

/* Begin XCConfigurationList section */
		5B03751F215DC4E600ADE616 /* Build configuration list for PBXProject "popK" */ = {
			isa = XCConfigurationList;
			buildConfigurations = (
				5B03754E215DC4E900ADE616 /* Debug */,
				5B03754F215DC4E900ADE616 /* Release */,
			);
			defaultConfigurationIsVisible = 0;
			defaultConfigurationName = Release;
		};
		5B037550215DC4E900ADE616 /* Build configuration list for PBXNativeTarget "popK" */ = {
			isa = XCConfigurationList;
			buildConfigurations = (
				5B037551215DC4E900ADE616 /* Debug */,
				5B037552215DC4E900ADE616 /* Release */,
			);
			defaultConfigurationIsVisible = 0;
			defaultConfigurationName = Release;
		};
		5B037553215DC4E900ADE616 /* Build configuration list for PBXNativeTarget "popKTests" */ = {
			isa = XCConfigurationList;
			buildConfigurations = (
				5B037554215DC4E900ADE616 /* Debug */,
				5B037555215DC4E900ADE616 /* Release */,
			);
			defaultConfigurationIsVisible = 0;
			defaultConfigurationName = Release;
		};
		5B037556215DC4E900ADE616 /* Build configuration list for PBXNativeTarget "popKUITests" */ = {
			isa = XCConfigurationList;
			buildConfigurations = (
				5B037557215DC4E900ADE616 /* Debug */,
				5B037558215DC4E900ADE616 /* Release */,
			);
			defaultConfigurationIsVisible = 0;
			defaultConfigurationName = Release;
		};
/* End XCConfigurationList section */
	};
	rootObject = 5B03751C215DC4E600ADE616 /* Project object */;
}
